
Microsoft Visual Studio Solution File, Format Version 12.00
# Visual Studio Version 17
VisualStudioVersion = 17.10.35013.160
MinimumVisualStudioVersion = 10.0.40219.1
Project("{FAE04EC0-301F-11D3-BF4B-00C04F79EFBC}") = "BookAmphitheatre", "BookAmphitheatre\BookAmphitheatre.csproj", "{FE34927B-5D1D-44DB-BC91-712AA50380DB}"
EndProject
Global
	GlobalSection(SolutionConfigurationPlatforms) = preSolution
		Debug|Any CPU = Debug|Any CPU
		Release|Any CPU = Release|Any CPU
	EndGlobalSection
	GlobalSection(ProjectConfigurationPlatforms) = postSolution
		{FE34927B-5D1D-44DB-BC91-712AA50380DB}.Debug|Any CPU.ActiveCfg = Debug|Any CPU
		{FE34927B-5D1D-44DB-BC91-712AA50380DB}.Debug|Any CPU.Build.0 = Debug|Any CPU
		{FE34927B-5D1D-44DB-BC91-712AA50380DB}.Release|Any CPU.ActiveCfg = Release|Any CPU
		{FE34927B-5D1D-44DB-BC91-712AA50380DB}.Release|Any CPU.Build.0 = Release|Any CPU
	EndGlobalSection
	GlobalSection(SolutionProperties) = preSolution
		HideSolutionNode = FALSE
	EndGlobalSection
	GlobalSection(ExtensibilityGlobals) = postSolution
		SolutionGuid = {AB059AE3-A3F1-49FF-803F-97E446021A66}
	EndGlobalSection
EndGlobal
